
Microsoft Visual Studio Solution File, Format Version 12.00
# Visual Studio Version 17
VisualStudioVersion = 17.11.35303.130
MinimumVisualStudioVersion = 10.0.40219.1
Project("{9A19103F-16F7-4668-BE54-9A1E7A4F7556}") = "Tyuiu.LavrinovichED.Sprint6.Task0.V11.Lib", "Tyuiu.LavrinovichED.Sprint6.Task0.V11.Lib\Tyuiu.LavrinovichED.Sprint6.Task0.V11.Lib.csproj", "{B6040881-942C-41E1-AD48-E77A527C22BF}"
EndProject
Project("{9A19103F-16F7-4668-BE54-9A1E7A4F7556}") = "Tyuiu.LavrinovichED.Sprint6.Task0.V11.Test", "Tyuiu.LavrinovichED.Sprint6.Task0.V11.Test\Tyuiu.LavrinovichED.Sprint6.Task0.V11.Test.csproj", "{DBC9B215-6874-4782-945E-AC12F5C4AAA5}"
EndProject
Project("{9A19103F-16F7-4668-BE54-9A1E7A4F7556}") = "Tyuiu.LavrinovichED.Sprint6.Task0.V11", "Tyuiu.LavrinovichED.Sprint6.Task0.V11\Tyuiu.LavrinovichED.Sprint6.Task0.V11.csproj", "{BA66E49F-3AA1-4DBC-AA99-F75D4B1CB479}"
EndProject
Project("{2150E333-8FDC-42A3-9474-1A3956D46DE8}") = "Task0", "Task0", "{EC71F0AF-7E47-40BF-931E-90172883DB07}"
EndProject
Project("{2150E333-8FDC-42A3-9474-1A3956D46DE8}") = "Task1", "Task1", "{2B026DE8-4D1E-47EF-BDE3-D8BE2E22E3A4}"
EndProject
Project("{9A19103F-16F7-4668-BE54-9A1E7A4F7556}") = "Tyuiu.LavrinovichED.Sprint6.Task1.V9.Lib", "Tyuiu.LavrinovichED.Sprint6.Task1.V9.Lib\Tyuiu.LavrinovichED.Sprint6.Task1.V9.Lib.csproj", "{5AB2E1F8-8CF7-4234-BA5E-A2CD6F18EDA4}"
EndProject
Project("{9A19103F-16F7-4668-BE54-9A1E7A4F7556}") = "Tyuiu.LavrinovichED.Sprint6.Task1.V9.Test", "Tyuiu.LavrinovichED.Sprint6.Task1.V9.Test\Tyuiu.LavrinovichED.Sprint6.Task1.V9.Test.csproj", "{8308C5E3-CC15-4ADA-8685-DFD76B4B76B4}"
EndProject
Project("{9A19103F-16F7-4668-BE54-9A1E7A4F7556}") = "Tyuiu.LavrinovichED.Sprint6.Task1.V9", "Tyuiu.LavrinovichED.Sprint6.Task1.V9\Tyuiu.LavrinovichED.Sprint6.Task1.V9.csproj", "{40FFA8E5-0F6B-41DC-92E1-5F9F1B3A6F75}"
EndProject
Project("{2150E333-8FDC-42A3-9474-1A3956D46DE8}") = "Task2", "Task2", "{46399E5D-3CF6-46F3-BAF8-5863EEA1526D}"
EndProject
Project("{9A19103F-16F7-4668-BE54-9A1E7A4F7556}") = "Tyuiu.LavrinovichED.Sprint6.Task2.V14.Lib", "Tyuiu.LavrinovichED.Sprint6.Task2.V14.Lib\Tyuiu.LavrinovichED.Sprint6.Task2.V14.Lib.csproj", "{967ACF20-E1E8-4D1F-8BAA-BAA363EF04E7}"
EndProject
Project("{9A19103F-16F7-4668-BE54-9A1E7A4F7556}") = "Tyuiu.LavrinovichED.Sprint6.Task2.V14.Test", "Tyuiu.LavrinovichED.Sprint6.Task2.V14.Test\Tyuiu.LavrinovichED.Sprint6.Task2.V14.Test.csproj", "{088CBBEF-CF9F-4493-AE95-E95D82B7EDD0}"
EndProject
Project("{9A19103F-16F7-4668-BE54-9A1E7A4F7556}") = "Tyuiu.LavrinovichED.Sprint6.Task2.V14", "Tyuiu.LavrinovichED.Sprint6.Task2.V14\Tyuiu.LavrinovichED.Sprint6.Task2.V14.csproj", "{12810C3D-F2AC-48EF-A36A-5EA93A21AAFC}"
EndProject
Project("{2150E333-8FDC-42A3-9474-1A3956D46DE8}") = "Task3", "Task3", "{3E63C695-C2F5-40F8-9FD0-B4ECA509F01F}"
EndProject
Project("{9A19103F-16F7-4668-BE54-9A1E7A4F7556}") = "Tyuiu.LavrinovichED.Sprint6.Task3.V28.Lib", "Tyuiu.LavrinovichED.Sprint6.Task3.V28.Lib\Tyuiu.LavrinovichED.Sprint6.Task3.V28.Lib.csproj", "{DC2CCDAD-B47B-4E38-888F-7042DFE8BAFA}"
EndProject
Project("{9A19103F-16F7-4668-BE54-9A1E7A4F7556}") = "Tyuiu.LavrinovichED.Sprint6.Task3.V28.Test", "Tyuiu.LavrinovichED.Sprint6.Task3.V28.Test\Tyuiu.LavrinovichED.Sprint6.Task3.V28.Test.csproj", "{8765D66B-3B69-4786-940C-7C897C71B193}"
EndProject
Project("{9A19103F-16F7-4668-BE54-9A1E7A4F7556}") = "Tyuiu.LavrinovichED.Sprint6.Task3.V28", "Tyuiu.LavrinovichEd.Sprint6.Task3.V28\Tyuiu.LavrinovichED.Sprint6.Task3.V28.csproj", "{DA879A56-6272-41A3-BFA6-5B7EAEA94734}"
EndProject
Project("{2150E333-8FDC-42A3-9474-1A3956D46DE8}") = "Task4", "Task4", "{E5537218-3958-4734-95F9-084D53760A1C}"
EndProject
Project("{FAE04EC0-301F-11D3-BF4B-00C04F79EFBC}") = "Tyuiu.LavrinovichED.Sprint6.Task4.V24", "Tyuiu.LavrinovichED.Sprint6.Task4.V24\Tyuiu.LavrinovichED.Sprint6.Task4.V24.csproj", "{C3A4CC14-AE09-4B17-AD5E-C23EB6D5FB42}"
EndProject
Project("{FAE04EC0-301F-11D3-BF4B-00C04F79EFBC}") = "Tyuiu.LavrinovichED.Sprint6.Task4.V24.Lib", "Tyuiu.LavrinovichED.Sprint6.Task4.V24.Lib\Tyuiu.LavrinovichED.Sprint6.Task4.V24.Lib.csproj", "{EF829F4C-8D11-4797-AE59-A19EE3EF9173}"
EndProject
Project("{FAE04EC0-301F-11D3-BF4B-00C04F79EFBC}") = "Tyuiu.LavrinovichED.Sprint6.Task4.V24.Test", "Tyuiu.LavrinovichED.Sprint6.Task4.V24.Test\Tyuiu.LavrinovichED.Sprint6.Task4.V24.Test.csproj", "{D30F8D8F-C006-4AFA-89FE-12A55B9B5FCB}"
EndProject
Global
	GlobalSection(SolutionConfigurationPlatforms) = preSolution
		Debug|Any CPU = Debug|Any CPU
		Release|Any CPU = Release|Any CPU
	EndGlobalSection
	GlobalSection(ProjectConfigurationPlatforms) = postSolution
		{B6040881-942C-41E1-AD48-E77A527C22BF}.Debug|Any CPU.ActiveCfg = Debug|Any CPU
		{B6040881-942C-41E1-AD48-E77A527C22BF}.Debug|Any CPU.Build.0 = Debug|Any CPU
		{B6040881-942C-41E1-AD48-E77A527C22BF}.Release|Any CPU.ActiveCfg = Release|Any CPU
		{B6040881-942C-41E1-AD48-E77A527C22BF}.Release|Any CPU.Build.0 = Release|Any CPU
		{DBC9B215-6874-4782-945E-AC12F5C4AAA5}.Debug|Any CPU.ActiveCfg = Debug|Any CPU
		{DBC9B215-6874-4782-945E-AC12F5C4AAA5}.Debug|Any CPU.Build.0 = Debug|Any CPU
		{DBC9B215-6874-4782-945E-AC12F5C4AAA5}.Release|Any CPU.ActiveCfg = Release|Any CPU
		{DBC9B215-6874-4782-945E-AC12F5C4AAA5}.Release|Any CPU.Build.0 = Release|Any CPU
		{BA66E49F-3AA1-4DBC-AA99-F75D4B1CB479}.Debug|Any CPU.ActiveCfg = Debug|Any CPU
		{BA66E49F-3AA1-4DBC-AA99-F75D4B1CB479}.Debug|Any CPU.Build.0 = Debug|Any CPU
		{BA66E49F-3AA1-4DBC-AA99-F75D4B1CB479}.Release|Any CPU.ActiveCfg = Release|Any CPU
		{BA66E49F-3AA1-4DBC-AA99-F75D4B1CB479}.Release|Any CPU.Build.0 = Release|Any CPU
		{5AB2E1F8-8CF7-4234-BA5E-A2CD6F18EDA4}.Debug|Any CPU.ActiveCfg = Debug|Any CPU
		{5AB2E1F8-8CF7-4234-BA5E-A2CD6F18EDA4}.Debug|Any CPU.Build.0 = Debug|Any CPU
		{5AB2E1F8-8CF7-4234-BA5E-A2CD6F18EDA4}.Release|Any CPU.ActiveCfg = Release|Any CPU
		{5AB2E1F8-8CF7-4234-BA5E-A2CD6F18EDA4}.Release|Any CPU.Build.0 = Release|Any CPU
		{8308C5E3-CC15-4ADA-8685-DFD76B4B76B4}.Debug|Any CPU.ActiveCfg = Debug|Any CPU
		{8308C5E3-CC15-4ADA-8685-DFD76B4B76B4}.Debug|Any CPU.Build.0 = Debug|Any CPU
		{8308C5E3-CC15-4ADA-8685-DFD76B4B76B4}.Release|Any CPU.ActiveCfg = Release|Any CPU
		{8308C5E3-CC15-4ADA-8685-DFD76B4B76B4}.Release|Any CPU.Build.0 = Release|Any CPU
		{40FFA8E5-0F6B-41DC-92E1-5F9F1B3A6F75}.Debug|Any CPU.ActiveCfg = Debug|Any CPU
		{40FFA8E5-0F6B-41DC-92E1-5F9F1B3A6F75}.Debug|Any CPU.Build.0 = Debug|Any CPU
		{40FFA8E5-0F6B-41DC-92E1-5F9F1B3A6F75}.Release|Any CPU.ActiveCfg = Release|Any CPU
		{40FFA8E5-0F6B-41DC-92E1-5F9F1B3A6F75}.Release|Any CPU.Build.0 = Release|Any CPU
		{967ACF20-E1E8-4D1F-8BAA-BAA363EF04E7}.Debug|Any CPU.ActiveCfg = Debug|Any CPU
		{967ACF20-E1E8-4D1F-8BAA-BAA363EF04E7}.Debug|Any CPU.Build.0 = Debug|Any CPU
		{967ACF20-E1E8-4D1F-8BAA-BAA363EF04E7}.Release|Any CPU.ActiveCfg = Release|Any CPU
		{967ACF20-E1E8-4D1F-8BAA-BAA363EF04E7}.Release|Any CPU.Build.0 = Release|Any CPU
		{088CBBEF-CF9F-4493-AE95-E95D82B7EDD0}.Debug|Any CPU.ActiveCfg = Debug|Any CPU
		{088CBBEF-CF9F-4493-AE95-E95D82B7EDD0}.Debug|Any CPU.Build.0 = Debug|Any CPU
		{088CBBEF-CF9F-4493-AE95-E95D82B7EDD0}.Release|Any CPU.ActiveCfg = Release|Any CPU
		{088CBBEF-CF9F-4493-AE95-E95D82B7EDD0}.Release|Any CPU.Build.0 = Release|Any CPU
		{12810C3D-F2AC-48EF-A36A-5EA93A21AAFC}.Debug|Any CPU.ActiveCfg = Debug|Any CPU
		{12810C3D-F2AC-48EF-A36A-5EA93A21AAFC}.Debug|Any CPU.Build.0 = Debug|Any CPU
		{12810C3D-F2AC-48EF-A36A-5EA93A21AAFC}.Release|Any CPU.ActiveCfg = Release|Any CPU
		{12810C3D-F2AC-48EF-A36A-5EA93A21AAFC}.Release|Any CPU.Build.0 = Release|Any CPU
		{DC2CCDAD-B47B-4E38-888F-7042DFE8BAFA}.Debug|Any CPU.ActiveCfg = Debug|Any CPU
		{DC2CCDAD-B47B-4E38-888F-7042DFE8BAFA}.Debug|Any CPU.Build.0 = Debug|Any CPU
		{DC2CCDAD-B47B-4E38-888F-7042DFE8BAFA}.Release|Any CPU.ActiveCfg = Release|Any CPU
		{DC2CCDAD-B47B-4E38-888F-7042DFE8BAFA}.Release|Any CPU.Build.0 = Release|Any CPU
		{8765D66B-3B69-4786-940C-7C897C71B193}.Debug|Any CPU.ActiveCfg = Debug|Any CPU
		{8765D66B-3B69-4786-940C-7C897C71B193}.Debug|Any CPU.Build.0 = Debug|Any CPU
		{8765D66B-3B69-4786-940C-7C897C71B193}.Release|Any CPU.ActiveCfg = Release|Any CPU
		{8765D66B-3B69-4786-940C-7C897C71B193}.Release|Any CPU.Build.0 = Release|Any CPU
		{DA879A56-6272-41A3-BFA6-5B7EAEA94734}.Debug|Any CPU.ActiveCfg = Debug|Any CPU
		{DA879A56-6272-41A3-BFA6-5B7EAEA94734}.Debug|Any CPU.Build.0 = Debug|Any CPU
		{DA879A56-6272-41A3-BFA6-5B7EAEA94734}.Release|Any CPU.ActiveCfg = Release|Any CPU
		{DA879A56-6272-41A3-BFA6-5B7EAEA94734}.Release|Any CPU.Build.0 = Release|Any CPU
		{C3A4CC14-AE09-4B17-AD5E-C23EB6D5FB42}.Debug|Any CPU.ActiveCfg = Debug|Any CPU
		{C3A4CC14-AE09-4B17-AD5E-C23EB6D5FB42}.Debug|Any CPU.Build.0 = Debug|Any CPU
		{C3A4CC14-AE09-4B17-AD5E-C23EB6D5FB42}.Release|Any CPU.ActiveCfg = Release|Any CPU
		{C3A4CC14-AE09-4B17-AD5E-C23EB6D5FB42}.Release|Any CPU.Build.0 = Release|Any CPU
		{EF829F4C-8D11-4797-AE59-A19EE3EF9173}.Debug|Any CPU.ActiveCfg = Debug|Any CPU
		{EF829F4C-8D11-4797-AE59-A19EE3EF9173}.Debug|Any CPU.Build.0 = Debug|Any CPU
		{EF829F4C-8D11-4797-AE59-A19EE3EF9173}.Release|Any CPU.ActiveCfg = Release|Any CPU
		{EF829F4C-8D11-4797-AE59-A19EE3EF9173}.Release|Any CPU.Build.0 = Release|Any CPU
		{D30F8D8F-C006-4AFA-89FE-12A55B9B5FCB}.Debug|Any CPU.ActiveCfg = Debug|Any CPU
		{D30F8D8F-C006-4AFA-89FE-12A55B9B5FCB}.Debug|Any CPU.Build.0 = Debug|Any CPU
		{D30F8D8F-C006-4AFA-89FE-12A55B9B5FCB}.Release|Any CPU.ActiveCfg = Release|Any CPU
		{D30F8D8F-C006-4AFA-89FE-12A55B9B5FCB}.Release|Any CPU.Build.0 = Release|Any CPU
	EndGlobalSection
	GlobalSection(SolutionProperties) = preSolution
		HideSolutionNode = FALSE
	EndGlobalSection
	GlobalSection(NestedProjects) = preSolution
		{B6040881-942C-41E1-AD48-E77A527C22BF} = {EC71F0AF-7E47-40BF-931E-90172883DB07}
		{DBC9B215-6874-4782-945E-AC12F5C4AAA5} = {EC71F0AF-7E47-40BF-931E-90172883DB07}
		{BA66E49F-3AA1-4DBC-AA99-F75D4B1CB479} = {EC71F0AF-7E47-40BF-931E-90172883DB07}
		{5AB2E1F8-8CF7-4234-BA5E-A2CD6F18EDA4} = {2B026DE8-4D1E-47EF-BDE3-D8BE2E22E3A4}
		{8308C5E3-CC15-4ADA-8685-DFD76B4B76B4} = {2B026DE8-4D1E-47EF-BDE3-D8BE2E22E3A4}
		{40FFA8E5-0F6B-41DC-92E1-5F9F1B3A6F75} = {2B026DE8-4D1E-47EF-BDE3-D8BE2E22E3A4}
		{967ACF20-E1E8-4D1F-8BAA-BAA363EF04E7} = {46399E5D-3CF6-46F3-BAF8-5863EEA1526D}
		{088CBBEF-CF9F-4493-AE95-E95D82B7EDD0} = {46399E5D-3CF6-46F3-BAF8-5863EEA1526D}
		{12810C3D-F2AC-48EF-A36A-5EA93A21AAFC} = {46399E5D-3CF6-46F3-BAF8-5863EEA1526D}
		{DC2CCDAD-B47B-4E38-888F-7042DFE8BAFA} = {3E63C695-C2F5-40F8-9FD0-B4ECA509F01F}
		{8765D66B-3B69-4786-940C-7C897C71B193} = {3E63C695-C2F5-40F8-9FD0-B4ECA509F01F}
		{DA879A56-6272-41A3-BFA6-5B7EAEA94734} = {3E63C695-C2F5-40F8-9FD0-B4ECA509F01F}
		{C3A4CC14-AE09-4B17-AD5E-C23EB6D5FB42} = {E5537218-3958-4734-95F9-084D53760A1C}
		{EF829F4C-8D11-4797-AE59-A19EE3EF9173} = {E5537218-3958-4734-95F9-084D53760A1C}
		{D30F8D8F-C006-4AFA-89FE-12A55B9B5FCB} = {E5537218-3958-4734-95F9-084D53760A1C}
	EndGlobalSection
	GlobalSection(ExtensibilityGlobals) = postSolution
		SolutionGuid = {B2432172-733A-4B6B-8584-698C1720C03C}
	EndGlobalSection
EndGlobal
