
Microsoft Visual Studio Solution File, Format Version 12.00
# Visual Studio Version 17
VisualStudioVersion = 17.11.35303.130
MinimumVisualStudioVersion = 10.0.40219.1
Project("{9A19103F-16F7-4668-BE54-9A1E7A4F7556}") = "Tyuiu.LavrinovichED.Sprint6.Task0.V11.Lib", "Tyuiu.LavrinovichED.Sprint6.Task0.V11.Lib\Tyuiu.LavrinovichED.Sprint6.Task0.V11.Lib.csproj", "{B6040881-942C-41E1-AD48-E77A527C22BF}"
EndProject
Project("{9A19103F-16F7-4668-BE54-9A1E7A4F7556}") = "Tyuiu.LavrinovichED.Sprint6.Task0.V11.Test", "Tyuiu.LavrinovichED.Sprint6.Task0.V11.Test\Tyuiu.LavrinovichED.Sprint6.Task0.V11.Test.csproj", "{DBC9B215-6874-4782-945E-AC12F5C4AAA5}"
EndProject
Project("{9A19103F-16F7-4668-BE54-9A1E7A4F7556}") = "Tyuiu.LavrinovichED.Sprint6.Task0.V11", "Tyuiu.LavrinovichED.Sprint6.Task0.V11\Tyuiu.LavrinovichED.Sprint6.Task0.V11.csproj", "{BA66E49F-3AA1-4DBC-AA99-F75D4B1CB479}"
EndProject
Project("{2150E333-8FDC-42A3-9474-1A3956D46DE8}") = "Task0", "Task0", "{EC71F0AF-7E47-40BF-931E-90172883DB07}"
EndProject
Project("{2150E333-8FDC-42A3-9474-1A3956D46DE8}") = "Task1", "Task1", "{2B026DE8-4D1E-47EF-BDE3-D8BE2E22E3A4}"
EndProject
Project("{FAE04EC0-301F-11D3-BF4B-00C04F79EFBC}") = "Tyuiu.LavrinovichED.Sprint6.Task1.V9.Lib", "Tyuiu.LavrinovichED.Sprint6.Task1.V9.Lib\Tyuiu.LavrinovichED.Sprint6.Task1.V9.Lib.csproj", "{5AB2E1F8-8CF7-4234-BA5E-A2CD6F18EDA4}"
EndProject
Project("{FAE04EC0-301F-11D3-BF4B-00C04F79EFBC}") = "Tyuiu.LavrinovichED.Sprint6.Task1.V9.Test", "Tyuiu.LavrinovichED.Sprint6.Task1.V9.Test\Tyuiu.LavrinovichED.Sprint6.Task1.V9.Test.csproj", "{8308C5E3-CC15-4ADA-8685-DFD76B4B76B4}"
EndProject
Project("{FAE04EC0-301F-11D3-BF4B-00C04F79EFBC}") = "Tyuiu.LavrinovichED.Sprint6.Task1.V9", "Tyuiu.LavrinovichED.Sprint6.Task1.V9\Tyuiu.LavrinovichED.Sprint6.Task1.V9.csproj", "{40FFA8E5-0F6B-41DC-92E1-5F9F1B3A6F75}"
EndProject
Global
	GlobalSection(SolutionConfigurationPlatforms) = preSolution
		Debug|Any CPU = Debug|Any CPU
		Release|Any CPU = Release|Any CPU
	EndGlobalSection
	GlobalSection(ProjectConfigurationPlatforms) = postSolution
		{B6040881-942C-41E1-AD48-E77A527C22BF}.Debug|Any CPU.ActiveCfg = Debug|Any CPU
		{B6040881-942C-41E1-AD48-E77A527C22BF}.Debug|Any CPU.Build.0 = Debug|Any CPU
		{B6040881-942C-41E1-AD48-E77A527C22BF}.Release|Any CPU.ActiveCfg = Release|Any CPU
		{B6040881-942C-41E1-AD48-E77A527C22BF}.Release|Any CPU.Build.0 = Release|Any CPU
		{DBC9B215-6874-4782-945E-AC12F5C4AAA5}.Debug|Any CPU.ActiveCfg = Debug|Any CPU
		{DBC9B215-6874-4782-945E-AC12F5C4AAA5}.Debug|Any CPU.Build.0 = Debug|Any CPU
		{DBC9B215-6874-4782-945E-AC12F5C4AAA5}.Release|Any CPU.ActiveCfg = Release|Any CPU
		{DBC9B215-6874-4782-945E-AC12F5C4AAA5}.Release|Any CPU.Build.0 = Release|Any CPU
		{BA66E49F-3AA1-4DBC-AA99-F75D4B1CB479}.Debug|Any CPU.ActiveCfg = Debug|Any CPU
		{BA66E49F-3AA1-4DBC-AA99-F75D4B1CB479}.Debug|Any CPU.Build.0 = Debug|Any CPU
		{BA66E49F-3AA1-4DBC-AA99-F75D4B1CB479}.Release|Any CPU.ActiveCfg = Release|Any CPU
		{BA66E49F-3AA1-4DBC-AA99-F75D4B1CB479}.Release|Any CPU.Build.0 = Release|Any CPU
		{5AB2E1F8-8CF7-4234-BA5E-A2CD6F18EDA4}.Debug|Any CPU.ActiveCfg = Debug|Any CPU
		{5AB2E1F8-8CF7-4234-BA5E-A2CD6F18EDA4}.Debug|Any CPU.Build.0 = Debug|Any CPU
		{5AB2E1F8-8CF7-4234-BA5E-A2CD6F18EDA4}.Release|Any CPU.ActiveCfg = Release|Any CPU
		{5AB2E1F8-8CF7-4234-BA5E-A2CD6F18EDA4}.Release|Any CPU.Build.0 = Release|Any CPU
		{8308C5E3-CC15-4ADA-8685-DFD76B4B76B4}.Debug|Any CPU.ActiveCfg = Debug|Any CPU
		{8308C5E3-CC15-4ADA-8685-DFD76B4B76B4}.Debug|Any CPU.Build.0 = Debug|Any CPU
		{8308C5E3-CC15-4ADA-8685-DFD76B4B76B4}.Release|Any CPU.ActiveCfg = Release|Any CPU
		{8308C5E3-CC15-4ADA-8685-DFD76B4B76B4}.Release|Any CPU.Build.0 = Release|Any CPU
		{40FFA8E5-0F6B-41DC-92E1-5F9F1B3A6F75}.Debug|Any CPU.ActiveCfg = Debug|Any CPU
		{40FFA8E5-0F6B-41DC-92E1-5F9F1B3A6F75}.Debug|Any CPU.Build.0 = Debug|Any CPU
		{40FFA8E5-0F6B-41DC-92E1-5F9F1B3A6F75}.Release|Any CPU.ActiveCfg = Release|Any CPU
		{40FFA8E5-0F6B-41DC-92E1-5F9F1B3A6F75}.Release|Any CPU.Build.0 = Release|Any CPU
	EndGlobalSection
	GlobalSection(SolutionProperties) = preSolution
		HideSolutionNode = FALSE
	EndGlobalSection
	GlobalSection(NestedProjects) = preSolution
		{B6040881-942C-41E1-AD48-E77A527C22BF} = {EC71F0AF-7E47-40BF-931E-90172883DB07}
		{DBC9B215-6874-4782-945E-AC12F5C4AAA5} = {EC71F0AF-7E47-40BF-931E-90172883DB07}
		{BA66E49F-3AA1-4DBC-AA99-F75D4B1CB479} = {EC71F0AF-7E47-40BF-931E-90172883DB07}
		{5AB2E1F8-8CF7-4234-BA5E-A2CD6F18EDA4} = {2B026DE8-4D1E-47EF-BDE3-D8BE2E22E3A4}
		{8308C5E3-CC15-4ADA-8685-DFD76B4B76B4} = {2B026DE8-4D1E-47EF-BDE3-D8BE2E22E3A4}
		{40FFA8E5-0F6B-41DC-92E1-5F9F1B3A6F75} = {2B026DE8-4D1E-47EF-BDE3-D8BE2E22E3A4}
	EndGlobalSection
	GlobalSection(ExtensibilityGlobals) = postSolution
		SolutionGuid = {B2432172-733A-4B6B-8584-698C1720C03C}
	EndGlobalSection
EndGlobal
